{
  "requires": true,
  "lockfileVersion": 1,
  "dependencies": {
    "@types/jquery": {
      "version": "3.3.5",
      "resolved": "https://registry.npmjs.org/@types/jquery/-/jquery-3.3.5.tgz",
      "integrity": "sha512-18OnkBZ+9pOx8grC2w4i256VS+9j/Ya/N0DcWkZRgPrg7V2oolgk8n7790goBlnChL6nIXAXy1lBTrz/r4lJTg=="
    }
  }
}
